
Microsoft Visual Studio Solution File, Format Version 12.00
# Visual Studio 15
VisualStudioVersion = 15.0.28307.2092
MinimumVisualStudioVersion = 10.0.40219.1
Project("{2150E333-8FDC-42A3-9474-1A3956D46DE8}") = "1_demo", "1_demo", "{EB6CE888-0BA8-4BA9-BC41-46E0AB440A6B}"
EndProject
Project("{8BC9CEB8-8B4A-11D0-8D11-00A0C91BC942}") = "exit_code", "demo\exit_code\exit_code.vcxproj", "{29B0E238-20FB-4B0C-BB2F-06DF22CD9A2A}"
EndProject
Project("{8BC9CEB8-8B4A-11D0-8D11-00A0C91BC942}") = "color_warning", "demo\color_warning\color_warning.vcxproj", "{1C6D8927-E668-46DF-A3C1-06A9B63D1E27}"
EndProject
Project("{8BC9CEB8-8B4A-11D0-8D11-00A0C91BC942}") = "fake_build_command", "demo\fake_build_command\fake_build_command.vcxproj", "{286D244D-844A-4D43-9611-613FEBF99302}"
EndProject
Project("{8BC9CEB8-8B4A-11D0-8D11-00A0C91BC942}") = "print_stdin", "demo\print_stdin\print_stdin.vcxproj", "{726AD64D-1CA4-4811-A5DC-3B01B1A54EEA}"
EndProject
Project("{8BC9CEB8-8B4A-11D0-8D11-00A0C91BC942}") = "pseudo_cppcheck", "demo\pseudo_cppcheck\pseudo_cppcheck.vcxproj", "{B736B371-9636-4E6D-9703-D63DEC25E6C7}"
EndProject
Project("{8BC9CEB8-8B4A-11D0-8D11-00A0C91BC942}") = "pseudo_cpplint", "demo\pseudo_cpplint\pseudo_cpplint.vcxproj", "{B94D6DC8-0DA8-47A7-93FC-8BC5FBD89619}"
EndProject
Project("{8BC9CEB8-8B4A-11D0-8D11-00A0C91BC942}") = "pseudo_emulator", "demo\pseudo_emulator\pseudo_emulator.vcxproj", "{B8BCB1FC-6FEB-4880-821C-8B2F21AEA9E8}"
EndProject
Project("{8BC9CEB8-8B4A-11D0-8D11-00A0C91BC942}") = "pseudo_emulator_custom_command", "demo\pseudo_emulator_custom_command\pseudo_emulator_custom_command.vcxproj", "{0BA1AFC1-DB67-4A39-AE7E-67BD43FDC488}"
EndProject
Project("{8BC9CEB8-8B4A-11D0-8D11-00A0C91BC942}") = "pseudo_emulator_custom_command_arg", "demo\pseudo_emulator_custom_command_arg\pseudo_emulator_custom_command_arg.vcxproj", "{234CF348-0850-435D-B2E3-EA63D0EA8373}"
EndProject
Project("{8BC9CEB8-8B4A-11D0-8D11-00A0C91BC942}") = "pseudo_iwyu", "demo\pseudo_iwyu\pseudo_iwyu.vcxproj", "{786810A9-B27B-408F-BBD6-75C73C1A809A}"
EndProject
Project("{8BC9CEB8-8B4A-11D0-8D11-00A0C91BC942}") = "pseudo_llvm-rc", "demo\pseudo_llvm-rc\pseudo_llvm-rc.vcxproj", "{E1774DB7-E871-4B6E-8228-2F23CC86E319}"
EndProject
Project("{8BC9CEB8-8B4A-11D0-8D11-00A0C91BC942}") = "pseudo_tidy", "demo\pseudo_tidy\pseudo_tidy.vcxproj", "{C3F7D4E0-3BE2-4ADF-AE86-4E3E30758886}"
EndProject
Project("{8BC9CEB8-8B4A-11D0-8D11-00A0C91BC942}") = "showIncludes", "demo\showIncludes\showIncludes.vcxproj", "{76315DE1-2272-4CE2-BC1D-59D4EF1B7423}"
EndProject
Project("{8BC9CEB8-8B4A-11D0-8D11-00A0C91BC942}") = "testlibcmake", "demo\testlibcmake\testlibcmake.vcxproj", "{DBDDC94E-658F-45B2-A4F8-EC268F99EDB7}"
EndProject
Project("{8BC9CEB8-8B4A-11D0-8D11-00A0C91BC942}") = "testEncoding", "demo\testEncoding\testEncoding.vcxproj", "{FAF71936-E609-321A-BD84-55E6E44DD353}"
EndProject
Project("{8BC9CEB8-8B4A-11D0-8D11-00A0C91BC942}") = "testAffinity", "demo\testAffinity\testAffinity.vcxproj", "{500822EF-3687-44DF-96EB-86633A6AD414}"
EndProject
Project("{8BC9CEB8-8B4A-11D0-8D11-00A0C91BC942}") = "testDebuggerNamedPipe", "demo\testDebuggerNamedPipe\testDebuggerNamedPipe.vcxproj", "{6E466C2E-19D7-4104-9955-8DA55F8F7AE9}"
EndProject
Project("{8BC9CEB8-8B4A-11D0-8D11-00A0C91BC942}") = "testUVProcessChainHelper", "demo\testUVProcessChainHelper\testUVProcessChainHelper.vcxproj", "{0B326A7F-2B54-4112-BBEC-B92062F5364C}"
EndProject
Project("{8BC9CEB8-8B4A-11D0-8D11-00A0C91BC942}") = "pseudo_purify", "demo\pseudo_purify\pseudo_purify.vcxproj", "{9C647ABC-9E6A-4061-BCAD-397245634494}"
EndProject
Project("{8BC9CEB8-8B4A-11D0-8D11-00A0C91BC942}") = "pseudo_purify1", "demo\pseudo_purify1\pseudo_purify1.vcxproj", "{00CD6B5F-AC06-4319-9016-AF0A32D51FDA}"
EndProject
Project("{8BC9CEB8-8B4A-11D0-8D11-00A0C91BC942}") = "ctresalloc", "demo\ctresalloc\ctresalloc.vcxproj", "{EEA648C3-4AD8-457E-8D27-057C404F9E16}"
EndProject
Global
	GlobalSection(SolutionConfigurationPlatforms) = preSolution
		Debug|x64 = Debug|x64
		Release|x64 = Release|x64
	EndGlobalSection
	GlobalSection(ProjectConfigurationPlatforms) = postSolution
		{29B0E238-20FB-4B0C-BB2F-06DF22CD9A2A}.Debug|x64.ActiveCfg = Debug|x64
		{29B0E238-20FB-4B0C-BB2F-06DF22CD9A2A}.Debug|x64.Build.0 = Debug|x64
		{29B0E238-20FB-4B0C-BB2F-06DF22CD9A2A}.Release|x64.ActiveCfg = Release|x64
		{29B0E238-20FB-4B0C-BB2F-06DF22CD9A2A}.Release|x64.Build.0 = Release|x64
		{1C6D8927-E668-46DF-A3C1-06A9B63D1E27}.Debug|x64.ActiveCfg = Debug|x64
		{1C6D8927-E668-46DF-A3C1-06A9B63D1E27}.Debug|x64.Build.0 = Debug|x64
		{1C6D8927-E668-46DF-A3C1-06A9B63D1E27}.Release|x64.ActiveCfg = Release|x64
		{1C6D8927-E668-46DF-A3C1-06A9B63D1E27}.Release|x64.Build.0 = Release|x64
		{286D244D-844A-4D43-9611-613FEBF99302}.Debug|x64.ActiveCfg = Debug|x64
		{286D244D-844A-4D43-9611-613FEBF99302}.Debug|x64.Build.0 = Debug|x64
		{286D244D-844A-4D43-9611-613FEBF99302}.Release|x64.ActiveCfg = Release|x64
		{286D244D-844A-4D43-9611-613FEBF99302}.Release|x64.Build.0 = Release|x64
		{726AD64D-1CA4-4811-A5DC-3B01B1A54EEA}.Debug|x64.ActiveCfg = Debug|x64
		{726AD64D-1CA4-4811-A5DC-3B01B1A54EEA}.Debug|x64.Build.0 = Debug|x64
		{726AD64D-1CA4-4811-A5DC-3B01B1A54EEA}.Release|x64.ActiveCfg = Release|x64
		{726AD64D-1CA4-4811-A5DC-3B01B1A54EEA}.Release|x64.Build.0 = Release|x64
		{B736B371-9636-4E6D-9703-D63DEC25E6C7}.Debug|x64.ActiveCfg = Debug|x64
		{B736B371-9636-4E6D-9703-D63DEC25E6C7}.Debug|x64.Build.0 = Debug|x64
		{B736B371-9636-4E6D-9703-D63DEC25E6C7}.Release|x64.ActiveCfg = Release|x64
		{B736B371-9636-4E6D-9703-D63DEC25E6C7}.Release|x64.Build.0 = Release|x64
		{B94D6DC8-0DA8-47A7-93FC-8BC5FBD89619}.Debug|x64.ActiveCfg = Debug|x64
		{B94D6DC8-0DA8-47A7-93FC-8BC5FBD89619}.Debug|x64.Build.0 = Debug|x64
		{B94D6DC8-0DA8-47A7-93FC-8BC5FBD89619}.Release|x64.ActiveCfg = Release|x64
		{B94D6DC8-0DA8-47A7-93FC-8BC5FBD89619}.Release|x64.Build.0 = Release|x64
		{B8BCB1FC-6FEB-4880-821C-8B2F21AEA9E8}.Debug|x64.ActiveCfg = Debug|x64
		{B8BCB1FC-6FEB-4880-821C-8B2F21AEA9E8}.Debug|x64.Build.0 = Debug|x64
		{B8BCB1FC-6FEB-4880-821C-8B2F21AEA9E8}.Release|x64.ActiveCfg = Release|x64
		{B8BCB1FC-6FEB-4880-821C-8B2F21AEA9E8}.Release|x64.Build.0 = Release|x64
		{0BA1AFC1-DB67-4A39-AE7E-67BD43FDC488}.Debug|x64.ActiveCfg = Debug|x64
		{0BA1AFC1-DB67-4A39-AE7E-67BD43FDC488}.Debug|x64.Build.0 = Debug|x64
		{0BA1AFC1-DB67-4A39-AE7E-67BD43FDC488}.Release|x64.ActiveCfg = Release|x64
		{0BA1AFC1-DB67-4A39-AE7E-67BD43FDC488}.Release|x64.Build.0 = Release|x64
		{234CF348-0850-435D-B2E3-EA63D0EA8373}.Debug|x64.ActiveCfg = Debug|x64
		{234CF348-0850-435D-B2E3-EA63D0EA8373}.Debug|x64.Build.0 = Debug|x64
		{234CF348-0850-435D-B2E3-EA63D0EA8373}.Release|x64.ActiveCfg = Release|x64
		{234CF348-0850-435D-B2E3-EA63D0EA8373}.Release|x64.Build.0 = Release|x64
		{786810A9-B27B-408F-BBD6-75C73C1A809A}.Debug|x64.ActiveCfg = Debug|x64
		{786810A9-B27B-408F-BBD6-75C73C1A809A}.Debug|x64.Build.0 = Debug|x64
		{786810A9-B27B-408F-BBD6-75C73C1A809A}.Release|x64.ActiveCfg = Release|x64
		{786810A9-B27B-408F-BBD6-75C73C1A809A}.Release|x64.Build.0 = Release|x64
		{E1774DB7-E871-4B6E-8228-2F23CC86E319}.Debug|x64.ActiveCfg = Debug|x64
		{E1774DB7-E871-4B6E-8228-2F23CC86E319}.Debug|x64.Build.0 = Debug|x64
		{E1774DB7-E871-4B6E-8228-2F23CC86E319}.Release|x64.ActiveCfg = Release|x64
		{E1774DB7-E871-4B6E-8228-2F23CC86E319}.Release|x64.Build.0 = Release|x64
		{C3F7D4E0-3BE2-4ADF-AE86-4E3E30758886}.Debug|x64.ActiveCfg = Debug|x64
		{C3F7D4E0-3BE2-4ADF-AE86-4E3E30758886}.Debug|x64.Build.0 = Debug|x64
		{C3F7D4E0-3BE2-4ADF-AE86-4E3E30758886}.Release|x64.ActiveCfg = Release|x64
		{C3F7D4E0-3BE2-4ADF-AE86-4E3E30758886}.Release|x64.Build.0 = Release|x64
		{76315DE1-2272-4CE2-BC1D-59D4EF1B7423}.Debug|x64.ActiveCfg = Debug|x64
		{76315DE1-2272-4CE2-BC1D-59D4EF1B7423}.Debug|x64.Build.0 = Debug|x64
		{76315DE1-2272-4CE2-BC1D-59D4EF1B7423}.Release|x64.ActiveCfg = Release|x64
		{76315DE1-2272-4CE2-BC1D-59D4EF1B7423}.Release|x64.Build.0 = Release|x64
		{DBDDC94E-658F-45B2-A4F8-EC268F99EDB7}.Debug|x64.ActiveCfg = Debug|x64
		{DBDDC94E-658F-45B2-A4F8-EC268F99EDB7}.Debug|x64.Build.0 = Debug|x64
		{DBDDC94E-658F-45B2-A4F8-EC268F99EDB7}.Release|x64.ActiveCfg = Release|x64
		{DBDDC94E-658F-45B2-A4F8-EC268F99EDB7}.Release|x64.Build.0 = Release|x64
		{FAF71936-E609-321A-BD84-55E6E44DD353}.Debug|x64.ActiveCfg = Debug|x64
		{FAF71936-E609-321A-BD84-55E6E44DD353}.Debug|x64.Build.0 = Debug|x64
		{FAF71936-E609-321A-BD84-55E6E44DD353}.Release|x64.ActiveCfg = Release|x64
		{FAF71936-E609-321A-BD84-55E6E44DD353}.Release|x64.Build.0 = Release|x64
		{500822EF-3687-44DF-96EB-86633A6AD414}.Debug|x64.ActiveCfg = Debug|x64
		{500822EF-3687-44DF-96EB-86633A6AD414}.Debug|x64.Build.0 = Debug|x64
		{500822EF-3687-44DF-96EB-86633A6AD414}.Release|x64.ActiveCfg = Release|x64
		{500822EF-3687-44DF-96EB-86633A6AD414}.Release|x64.Build.0 = Release|x64
		{6E466C2E-19D7-4104-9955-8DA55F8F7AE9}.Debug|x64.ActiveCfg = Debug|x64
		{6E466C2E-19D7-4104-9955-8DA55F8F7AE9}.Debug|x64.Build.0 = Debug|x64
		{6E466C2E-19D7-4104-9955-8DA55F8F7AE9}.Release|x64.ActiveCfg = Release|x64
		{6E466C2E-19D7-4104-9955-8DA55F8F7AE9}.Release|x64.Build.0 = Release|x64
		{0B326A7F-2B54-4112-BBEC-B92062F5364C}.Debug|x64.ActiveCfg = Debug|x64
		{0B326A7F-2B54-4112-BBEC-B92062F5364C}.Debug|x64.Build.0 = Debug|x64
		{0B326A7F-2B54-4112-BBEC-B92062F5364C}.Release|x64.ActiveCfg = Release|x64
		{0B326A7F-2B54-4112-BBEC-B92062F5364C}.Release|x64.Build.0 = Release|x64
		{9C647ABC-9E6A-4061-BCAD-397245634494}.Debug|x64.ActiveCfg = Debug|x64
		{9C647ABC-9E6A-4061-BCAD-397245634494}.Debug|x64.Build.0 = Debug|x64
		{9C647ABC-9E6A-4061-BCAD-397245634494}.Release|x64.ActiveCfg = Release|x64
		{9C647ABC-9E6A-4061-BCAD-397245634494}.Release|x64.Build.0 = Release|x64
		{00CD6B5F-AC06-4319-9016-AF0A32D51FDA}.Debug|x64.ActiveCfg = Debug|x64
		{00CD6B5F-AC06-4319-9016-AF0A32D51FDA}.Debug|x64.Build.0 = Debug|x64
		{00CD6B5F-AC06-4319-9016-AF0A32D51FDA}.Release|x64.ActiveCfg = Release|x64
		{00CD6B5F-AC06-4319-9016-AF0A32D51FDA}.Release|x64.Build.0 = Release|x64
		{EEA648C3-4AD8-457E-8D27-057C404F9E16}.Debug|x64.ActiveCfg = Debug|x64
		{EEA648C3-4AD8-457E-8D27-057C404F9E16}.Debug|x64.Build.0 = Debug|x64
		{EEA648C3-4AD8-457E-8D27-057C404F9E16}.Release|x64.ActiveCfg = Release|x64
		{EEA648C3-4AD8-457E-8D27-057C404F9E16}.Release|x64.Build.0 = Release|x64
	EndGlobalSection
	GlobalSection(SolutionProperties) = preSolution
		HideSolutionNode = FALSE
	EndGlobalSection
	GlobalSection(NestedProjects) = preSolution
		{29B0E238-20FB-4B0C-BB2F-06DF22CD9A2A} = {EB6CE888-0BA8-4BA9-BC41-46E0AB440A6B}
		{1C6D8927-E668-46DF-A3C1-06A9B63D1E27} = {EB6CE888-0BA8-4BA9-BC41-46E0AB440A6B}
		{286D244D-844A-4D43-9611-613FEBF99302} = {EB6CE888-0BA8-4BA9-BC41-46E0AB440A6B}
		{726AD64D-1CA4-4811-A5DC-3B01B1A54EEA} = {EB6CE888-0BA8-4BA9-BC41-46E0AB440A6B}
		{B736B371-9636-4E6D-9703-D63DEC25E6C7} = {EB6CE888-0BA8-4BA9-BC41-46E0AB440A6B}
		{B94D6DC8-0DA8-47A7-93FC-8BC5FBD89619} = {EB6CE888-0BA8-4BA9-BC41-46E0AB440A6B}
		{B8BCB1FC-6FEB-4880-821C-8B2F21AEA9E8} = {EB6CE888-0BA8-4BA9-BC41-46E0AB440A6B}
		{0BA1AFC1-DB67-4A39-AE7E-67BD43FDC488} = {EB6CE888-0BA8-4BA9-BC41-46E0AB440A6B}
		{234CF348-0850-435D-B2E3-EA63D0EA8373} = {EB6CE888-0BA8-4BA9-BC41-46E0AB440A6B}
		{786810A9-B27B-408F-BBD6-75C73C1A809A} = {EB6CE888-0BA8-4BA9-BC41-46E0AB440A6B}
		{E1774DB7-E871-4B6E-8228-2F23CC86E319} = {EB6CE888-0BA8-4BA9-BC41-46E0AB440A6B}
		{C3F7D4E0-3BE2-4ADF-AE86-4E3E30758886} = {EB6CE888-0BA8-4BA9-BC41-46E0AB440A6B}
		{76315DE1-2272-4CE2-BC1D-59D4EF1B7423} = {EB6CE888-0BA8-4BA9-BC41-46E0AB440A6B}
		{DBDDC94E-658F-45B2-A4F8-EC268F99EDB7} = {EB6CE888-0BA8-4BA9-BC41-46E0AB440A6B}
		{FAF71936-E609-321A-BD84-55E6E44DD353} = {EB6CE888-0BA8-4BA9-BC41-46E0AB440A6B}
		{500822EF-3687-44DF-96EB-86633A6AD414} = {EB6CE888-0BA8-4BA9-BC41-46E0AB440A6B}
		{6E466C2E-19D7-4104-9955-8DA55F8F7AE9} = {EB6CE888-0BA8-4BA9-BC41-46E0AB440A6B}
		{0B326A7F-2B54-4112-BBEC-B92062F5364C} = {EB6CE888-0BA8-4BA9-BC41-46E0AB440A6B}
		{9C647ABC-9E6A-4061-BCAD-397245634494} = {EB6CE888-0BA8-4BA9-BC41-46E0AB440A6B}
		{00CD6B5F-AC06-4319-9016-AF0A32D51FDA} = {EB6CE888-0BA8-4BA9-BC41-46E0AB440A6B}
		{EEA648C3-4AD8-457E-8D27-057C404F9E16} = {EB6CE888-0BA8-4BA9-BC41-46E0AB440A6B}
	EndGlobalSection
	GlobalSection(ExtensibilityGlobals) = postSolution
		SolutionGuid = {46830CAB-1B9A-321F-8269-80FB0B3AEE38}
	EndGlobalSection
EndGlobal
